{
  "name": "battlecode-schema",
  "version": "2017.0.0",
  "lockfileVersion": 1,
  "requires": true,
  "dependencies": {
    "@types/flatbuffers": {
      "version": "1.9.1",
      "resolved": "https://registry.npmjs.org/@types/flatbuffers/-/flatbuffers-1.9.1.tgz",
      "integrity": "sha512-TC3X0Nkj5wgvuY217VkodBtjbD3Yr0JNApDY1GW9IU5Mzm5ie1IJErqe4vRm+wy08IRz3bemaDATrdEw1CJlVQ==",
      "dev": true
    },
    "flatbuffers": {
      "version": "1.11.0",
      "resolved": "https://registry.npmjs.org/flatbuffers/-/flatbuffers-1.11.0.tgz",
      "integrity": "sha512-0PqFKtXI4MjxomI7jO4g5XfLPm/15g2R+5WGCHBGYGh0ihQiypnHlJ6bMmkkrAe0GzZ4d7PDAfCONKIPUxNF+A=="
    }
  }
}
